// !$*UTF8*$!
{
	archiveVersion = 1;
	classes = {
	};
	objectVersion = 55;
	objects = {

/* Begin PBXBuildFile section */
		89876A9F28D3B7A1006C4018 /* AppDelegate.swift in Sources */ = {isa = PBXBuildFile; fileRef = 89876A9E28D3B7A1006C4018 /* AppDelegate.swift */; };
		89876AA128D3B7A1006C4018 /* SceneDelegate.swift in Sources */ = {isa = PBXBuildFile; fileRef = 89876AA028D3B7A1006C4018 /* SceneDelegate.swift */; };
		89876AA628D3B7A1006C4018 /* Main.storyboard in Resources */ = {isa = PBXBuildFile; fileRef = 89876AA428D3B7A1006C4018 /* Main.storyboard */; };
		89876AA828D3B7A3006C4018 /* Assets.xcassets in Resources */ = {isa = PBXBuildFile; fileRef = 89876AA728D3B7A3006C4018 /* Assets.xcassets */; };
		89876AAB28D3B7A3006C4018 /* LaunchScreen.storyboard in Resources */ = {isa = PBXBuildFile; fileRef = 89876AA928D3B7A3006C4018 /* LaunchScreen.storyboard */; };
		89876AB328D3B821006C4018 /* MainViewController.swift in Sources */ = {isa = PBXBuildFile; fileRef = 89876AB228D3B821006C4018 /* MainViewController.swift */; };
		89876AB628D3CCC7006C4018 /* WCollectionViewCell.swift in Sources */ = {isa = PBXBuildFile; fileRef = 89876AB428D3CCC7006C4018 /* WCollectionViewCell.swift */; };
		89876AB728D3CCC7006C4018 /* WCollectionViewCell.xib in Resources */ = {isa = PBXBuildFile; fileRef = 89876AB528D3CCC7006C4018 /* WCollectionViewCell.xib */; };
		89876ABA28D3D0C0006C4018 /* WTableViewCell.swift in Sources */ = {isa = PBXBuildFile; fileRef = 89876AB828D3D0C0006C4018 /* WTableViewCell.swift */; };
		89876ABB28D3D0C0006C4018 /* WTableViewCell.xib in Resources */ = {isa = PBXBuildFile; fileRef = 89876AB928D3D0C0006C4018 /* WTableViewCell.xib */; };
		89B26B0028D5DCD7000E28B6 /* DayWeather.swift in Sources */ = {isa = PBXBuildFile; fileRef = 89B26AFF28D5DCD7000E28B6 /* DayWeather.swift */; };
		89B26B0228D64C36000E28B6 /* MapViewController.swift in Sources */ = {isa = PBXBuildFile; fileRef = 89B26B0128D64C36000E28B6 /* MapViewController.swift */; };
		89B26B0528D65B41000E28B6 /* city.json in Resources */ = {isa = PBXBuildFile; fileRef = 89B26B0428D65B41000E28B6 /* city.json */; };
		89B26B0728D65BD5000E28B6 /* SearchViewController.swift in Sources */ = {isa = PBXBuildFile; fileRef = 89B26B0628D65BD5000E28B6 /* SearchViewController.swift */; };
		89B26B0A28D667CE000E28B6 /* CityTableViewCell.swift in Sources */ = {isa = PBXBuildFile; fileRef = 89B26B0928D667CE000E28B6 /* CityTableViewCell.swift */; };
		89B26B0D28D75ED3000E28B6 /* Networking.swift in Sources */ = {isa = PBXBuildFile; fileRef = 89B26B0C28D75ED3000E28B6 /* Networking.swift */; };
		89B26B1028D807EA000E28B6 /* SwinjectStoryBoard.swift in Sources */ = {isa = PBXBuildFile; fileRef = 89B26B0F28D807EA000E28B6 /* SwinjectStoryBoard.swift */; };
		89B26B1328D822C0000E28B6 /* Shadow.swift in Sources */ = {isa = PBXBuildFile; fileRef = 89B26B1228D822C0000E28B6 /* Shadow.swift */; };
		89E7010328D4F5FD00392530 /* WeatherAnswerByGPS.swift in Sources */ = {isa = PBXBuildFile; fileRef = 89E7010228D4F5FD00392530 /* WeatherAnswerByGPS.swift */; };
		89E7010528D4FE9400392530 /* City.swift in Sources */ = {isa = PBXBuildFile; fileRef = 89E7010428D4FE9400392530 /* City.swift */; };
		D8EB17C0E5BDA02541A044E8 /* Pods_weather.framework in Frameworks */ = {isa = PBXBuildFile; fileRef = 382068C7A27D750EED8DE74F /* Pods_weather.framework */; };
/* End PBXBuildFile section */

/* Begin PBXFileReference section */
		382068C7A27D750EED8DE74F /* Pods_weather.framework */ = {isa = PBXFileReference; explicitFileType = wrapper.framework; includeInIndex = 0; path = Pods_weather.framework; sourceTree = BUILT_PRODUCTS_DIR; };
		51043017A84BDD65840C6476 /* Pods-weather.debug.xcconfig */ = {isa = PBXFileReference; includeInIndex = 1; lastKnownFileType = text.xcconfig; name = "Pods-weather.debug.xcconfig"; path = "Target Support Files/Pods-weather/Pods-weather.debug.xcconfig"; sourceTree = "<group>"; };
		68D6C2240477C6A6164A67FF /* Pods-weather.release.xcconfig */ = {isa = PBXFileReference; includeInIndex = 1; lastKnownFileType = text.xcconfig; name = "Pods-weather.release.xcconfig"; path = "Target Support Files/Pods-weather/Pods-weather.release.xcconfig"; sourceTree = "<group>"; };
		89876A9B28D3B7A1006C4018 /* weather.app */ = {isa = PBXFileReference; explicitFileType = wrapper.application; includeInIndex = 0; path = weather.app; sourceTree = BUILT_PRODUCTS_DIR; };
		89876A9E28D3B7A1006C4018 /* AppDelegate.swift */ = {isa = PBXFileReference; lastKnownFileType = sourcecode.swift; path = AppDelegate.swift; sourceTree = "<group>"; };
		89876AA028D3B7A1006C4018 /* SceneDelegate.swift */ = {isa = PBXFileReference; lastKnownFileType = sourcecode.swift; path = SceneDelegate.swift; sourceTree = "<group>"; };
		89876AA528D3B7A1006C4018 /* Base */ = {isa = PBXFileReference; lastKnownFileType = file.storyboard; name = Base; path = Base.lproj/Main.storyboard; sourceTree = "<group>"; };
		89876AA728D3B7A3006C4018 /* Assets.xcassets */ = {isa = PBXFileReference; lastKnownFileType = folder.assetcatalog; path = Assets.xcassets; sourceTree = "<group>"; };
		89876AAA28D3B7A3006C4018 /* Base */ = {isa = PBXFileReference; lastKnownFileType = file.storyboard; name = Base; path = Base.lproj/LaunchScreen.storyboard; sourceTree = "<group>"; };
		89876AAC28D3B7A3006C4018 /* Info.plist */ = {isa = PBXFileReference; lastKnownFileType = text.plist.xml; path = Info.plist; sourceTree = "<group>"; };
		89876AB228D3B821006C4018 /* MainViewController.swift */ = {isa = PBXFileReference; lastKnownFileType = sourcecode.swift; path = MainViewController.swift; sourceTree = "<group>"; };
		89876AB428D3CCC7006C4018 /* WCollectionViewCell.swift */ = {isa = PBXFileReference; lastKnownFileType = sourcecode.swift; path = WCollectionViewCell.swift; sourceTree = "<group>"; };
		89876AB528D3CCC7006C4018 /* WCollectionViewCell.xib */ = {isa = PBXFileReference; lastKnownFileType = file.xib; path = WCollectionViewCell.xib; sourceTree = "<group>"; };
		89876AB828D3D0C0006C4018 /* WTableViewCell.swift */ = {isa = PBXFileReference; lastKnownFileType = sourcecode.swift; path = WTableViewCell.swift; sourceTree = "<group>"; };
		89876AB928D3D0C0006C4018 /* WTableViewCell.xib */ = {isa = PBXFileReference; lastKnownFileType = file.xib; path = WTableViewCell.xib; sourceTree = "<group>"; };
		89B26AFF28D5DCD7000E28B6 /* DayWeather.swift */ = {isa = PBXFileReference; lastKnownFileType = sourcecode.swift; path = DayWeather.swift; sourceTree = "<group>"; };
		89B26B0128D64C36000E28B6 /* MapViewController.swift */ = {isa = PBXFileReference; lastKnownFileType = sourcecode.swift; path = MapViewController.swift; sourceTree = "<group>"; };
		89B26B0428D65B41000E28B6 /* city.json */ = {isa = PBXFileReference; fileEncoding = 4; lastKnownFileType = text.json; path = city.json; sourceTree = "<group>"; };
		89B26B0628D65BD5000E28B6 /* SearchViewController.swift */ = {isa = PBXFileReference; lastKnownFileType = sourcecode.swift; path = SearchViewController.swift; sourceTree = "<group>"; };
		89B26B0928D667CE000E28B6 /* CityTableViewCell.swift */ = {isa = PBXFileReference; lastKnownFileType = sourcecode.swift; path = CityTableViewCell.swift; sourceTree = "<group>"; };
		89B26B0C28D75ED3000E28B6 /* Networking.swift */ = {isa = PBXFileReference; lastKnownFileType = sourcecode.swift; path = Networking.swift; sourceTree = "<group>"; };
		89B26B0F28D807EA000E28B6 /* SwinjectStoryBoard.swift */ = {isa = PBXFileReference; lastKnownFileType = sourcecode.swift; path = SwinjectStoryBoard.swift; sourceTree = "<group>"; };
		89B26B1228D822C0000E28B6 /* Shadow.swift */ = {isa = PBXFileReference; lastKnownFileType = sourcecode.swift; path = Shadow.swift; sourceTree = "<group>"; };
		89E7010228D4F5FD00392530 /* WeatherAnswerByGPS.swift */ = {isa = PBXFileReference; lastKnownFileType = sourcecode.swift; path = WeatherAnswerByGPS.swift; sourceTree = "<group>"; };
		89E7010428D4FE9400392530 /* City.swift */ = {isa = PBXFileReference; lastKnownFileType = sourcecode.swift; path = City.swift; sourceTree = "<group>"; };
/* End PBXFileReference section */

/* Begin PBXFrameworksBuildPhase section */
		89876A9828D3B7A1006C4018 /* Frameworks */ = {
			isa = PBXFrameworksBuildPhase;
			buildActionMask = 2147483647;
			files = (
				D8EB17C0E5BDA02541A044E8 /* Pods_weather.framework in Frameworks */,
			);
			runOnlyForDeploymentPostprocessing = 0;
		};
/* End PBXFrameworksBuildPhase section */

/* Begin PBXGroup section */
		448977F4142AC4E276FECDF6 /* Pods */ = {
			isa = PBXGroup;
			children = (
				51043017A84BDD65840C6476 /* Pods-weather.debug.xcconfig */,
				68D6C2240477C6A6164A67FF /* Pods-weather.release.xcconfig */,
			);
			path = Pods;
			sourceTree = "<group>";
		};
		89876A9228D3B7A1006C4018 = {
			isa = PBXGroup;
			children = (
				89876A9D28D3B7A1006C4018 /* weather */,
				89876A9C28D3B7A1006C4018 /* Products */,
				448977F4142AC4E276FECDF6 /* Pods */,
				95237CE0EBBC0D68069E22F0 /* Frameworks */,
			);
			sourceTree = "<group>";
		};
		89876A9C28D3B7A1006C4018 /* Products */ = {
			isa = PBXGroup;
			children = (
				89876A9B28D3B7A1006C4018 /* weather.app */,
			);
			name = Products;
			sourceTree = "<group>";
		};
		89876A9D28D3B7A1006C4018 /* weather */ = {
			isa = PBXGroup;
			children = (
				89B26B1128D81C98000E28B6 /* Cells */,
				89B26B0E28D807C9000E28B6 /* Extension */,
				89B26B0B28D75E72000E28B6 /* Dependencies */,
				89B26B0828D662A0000E28B6 /* Controller */,
				89B26B0328D65B28000E28B6 /* Resource */,
				89E7010128D4F5C200392530 /* Model */,
				89876A9E28D3B7A1006C4018 /* AppDelegate.swift */,
				89876AA028D3B7A1006C4018 /* SceneDelegate.swift */,
				89876AA428D3B7A1006C4018 /* Main.storyboard */,
				89876AA728D3B7A3006C4018 /* Assets.xcassets */,
				89876AA928D3B7A3006C4018 /* LaunchScreen.storyboard */,
				89876AAC28D3B7A3006C4018 /* Info.plist */,
			);
			path = weather;
			sourceTree = "<group>";
		};
		89B26B0328D65B28000E28B6 /* Resource */ = {
			isa = PBXGroup;
			children = (
				89B26B0428D65B41000E28B6 /* city.json */,
			);
			path = Resource;
			sourceTree = "<group>";
		};
		89B26B0828D662A0000E28B6 /* Controller */ = {
			isa = PBXGroup;
			children = (
				89876AB228D3B821006C4018 /* MainViewController.swift */,
				89B26B0128D64C36000E28B6 /* MapViewController.swift */,
				89B26B0628D65BD5000E28B6 /* SearchViewController.swift */,
			);
			path = Controller;
			sourceTree = "<group>";
		};
		89B26B0B28D75E72000E28B6 /* Dependencies */ = {
			isa = PBXGroup;
			children = (
				89B26B0C28D75ED3000E28B6 /* Networking.swift */,
			);
			path = Dependencies;
			sourceTree = "<group>";
		};
		89B26B0E28D807C9000E28B6 /* Extension */ = {
			isa = PBXGroup;
			children = (
				89B26B0F28D807EA000E28B6 /* SwinjectStoryBoard.swift */,
			);
			path = Extension;
			sourceTree = "<group>";
		};
		89B26B1128D81C98000E28B6 /* Cells */ = {
			isa = PBXGroup;
			children = (
				89876AB428D3CCC7006C4018 /* WCollectionViewCell.swift */,
				89876AB528D3CCC7006C4018 /* WCollectionViewCell.xib */,
				89876AB828D3D0C0006C4018 /* WTableViewCell.swift */,
				89876AB928D3D0C0006C4018 /* WTableViewCell.xib */,
				89B26B0928D667CE000E28B6 /* CityTableViewCell.swift */,
				89B26B1228D822C0000E28B6 /* Shadow.swift */,
			);
			path = Cells;
			sourceTree = "<group>";
		};
		89E7010128D4F5C200392530 /* Model */ = {
			isa = PBXGroup;
			children = (
				89E7010228D4F5FD00392530 /* WeatherAnswerByGPS.swift */,
				89E7010428D4FE9400392530 /* City.swift */,
				89B26AFF28D5DCD7000E28B6 /* DayWeather.swift */,
			);
			path = Model;
			sourceTree = "<group>";
		};
		95237CE0EBBC0D68069E22F0 /* Frameworks */ = {
			isa = PBXGroup;
			children = (
				382068C7A27D750EED8DE74F /* Pods_weather.framework */,
			);
			name = Frameworks;
			sourceTree = "<group>";
		};
/* End PBXGroup section */

/* Begin PBXNativeTarget section */
		89876A9A28D3B7A1006C4018 /* weather */ = {
			isa = PBXNativeTarget;
			buildConfigurationList = 89876AAF28D3B7A3006C4018 /* Build configuration list for PBXNativeTarget "weather" */;
			buildPhases = (
				A7CB6DCA58CCCEEFFCAC76EA /* [CP] Check Pods Manifest.lock */,
				89876A9728D3B7A1006C4018 /* Sources */,
				89876A9828D3B7A1006C4018 /* Frameworks */,
				89876A9928D3B7A1006C4018 /* Resources */,
				926E966D421277E143824BC2 /* [CP] Embed Pods Frameworks */,
			);
			buildRules = (
			);
			dependencies = (
			);
			name = weather;
			productName = weather;
			productReference = 89876A9B28D3B7A1006C4018 /* weather.app */;
			productType = "com.apple.product-type.application";
		};
/* End PBXNativeTarget section */

/* Begin PBXProject section */
		89876A9328D3B7A1006C4018 /* Project object */ = {
			isa = PBXProject;
			attributes = {
				BuildIndependentTargetsInParallel = 1;
				LastSwiftUpdateCheck = 1340;
				LastUpgradeCheck = 1340;
				TargetAttributes = {
					89876A9A28D3B7A1006C4018 = {
						CreatedOnToolsVersion = 13.4.1;
					};
				};
			};
			buildConfigurationList = 89876A9628D3B7A1006C4018 /* Build configuration list for PBXProject "weather" */;
			compatibilityVersion = "Xcode 13.0";
			developmentRegion = en;
			hasScannedForEncodings = 0;
			knownRegions = (
				en,
				Base,
			);
			mainGroup = 89876A9228D3B7A1006C4018;
			productRefGroup = 89876A9C28D3B7A1006C4018 /* Products */;
			projectDirPath = "";
			projectRoot = "";
			targets = (
				89876A9A28D3B7A1006C4018 /* weather */,
			);
		};
/* End PBXProject section */

/* Begin PBXResourcesBuildPhase section */
		89876A9928D3B7A1006C4018 /* Resources */ = {
			isa = PBXResourcesBuildPhase;
			buildActionMask = 2147483647;
			files = (
				89B26B0528D65B41000E28B6 /* city.json in Resources */,
				89876AAB28D3B7A3006C4018 /* LaunchScreen.storyboard in Resources */,
				89876AA828D3B7A3006C4018 /* Assets.xcassets in Resources */,
				89876AB728D3CCC7006C4018 /* WCollectionViewCell.xib in Resources */,
				89876AA628D3B7A1006C4018 /* Main.storyboard in Resources */,
				89876ABB28D3D0C0006C4018 /* WTableViewCell.xib in Resources */,
			);
			runOnlyForDeploymentPostprocessing = 0;
		};
/* End PBXResourcesBuildPhase section */

/* Begin PBXShellScriptBuildPhase section */
		926E966D421277E143824BC2 /* [CP] Embed Pods Frameworks */ = {
			isa = PBXShellScriptBuildPhase;
			buildActionMask = 2147483647;
			files = (
			);
			inputFileListPaths = (
				"${PODS_ROOT}/Target Support Files/Pods-weather/Pods-weather-frameworks-${CONFIGURATION}-input-files.xcfilelist",
			);
			name = "[CP] Embed Pods Frameworks";
			outputFileListPaths = (
				"${PODS_ROOT}/Target Support Files/Pods-weather/Pods-weather-frameworks-${CONFIGURATION}-output-files.xcfilelist",
			);
			runOnlyForDeploymentPostprocessing = 0;
			shellPath = /bin/sh;
			shellScript = "\"${PODS_ROOT}/Target Support Files/Pods-weather/Pods-weather-frameworks.sh\"\n";
			showEnvVarsInLog = 0;
		};
		A7CB6DCA58CCCEEFFCAC76EA /* [CP] Check Pods Manifest.lock */ = {
			isa = PBXShellScriptBuildPhase;
			buildActionMask = 2147483647;
			files = (
			);
			inputFileListPaths = (
			);
			inputPaths = (
				"${PODS_PODFILE_DIR_PATH}/Podfile.lock",
				"${PODS_ROOT}/Manifest.lock",
			);
			name = "[CP] Check Pods Manifest.lock";
			outputFileListPaths = (
			);
			outputPaths = (
				"$(DERIVED_FILE_DIR)/Pods-weather-checkManifestLockResult.txt",
			);
			runOnlyForDeploymentPostprocessing = 0;
			shellPath = /bin/sh;
			shellScript = "diff \"${PODS_PODFILE_DIR_PATH}/Podfile.lock\" \"${PODS_ROOT}/Manifest.lock\" > /dev/null\nif [ $? != 0 ] ; then\n    # print error to STDERR\n    echo \"error: The sandbox is not in sync with the Podfile.lock. Run 'pod install' or update your CocoaPods installation.\" >&2\n    exit 1\nfi\n# This output is used by Xcode 'outputs' to avoid re-running this script phase.\necho \"SUCCESS\" > \"${SCRIPT_OUTPUT_FILE_0}\"\n";
			showEnvVarsInLog = 0;
		};
/* End PBXShellScriptBuildPhase section */

/* Begin PBXSourcesBuildPhase section */
		89876A9728D3B7A1006C4018 /* Sources */ = {
			isa = PBXSourcesBuildPhase;
			buildActionMask = 2147483647;
			files = (
				89876A9F28D3B7A1006C4018 /* AppDelegate.swift in Sources */,
				89B26B0728D65BD5000E28B6 /* SearchViewController.swift in Sources */,
				89876AA128D3B7A1006C4018 /* SceneDelegate.swift in Sources */,
				89B26B0D28D75ED3000E28B6 /* Networking.swift in Sources */,
				89B26B0228D64C36000E28B6 /* MapViewController.swift in Sources */,
				89B26B1328D822C0000E28B6 /* Shadow.swift in Sources */,
				89876ABA28D3D0C0006C4018 /* WTableViewCell.swift in Sources */,
				89B26B0A28D667CE000E28B6 /* CityTableViewCell.swift in Sources */,
				89876AB328D3B821006C4018 /* MainViewController.swift in Sources */,
				89B26B1028D807EA000E28B6 /* SwinjectStoryBoard.swift in Sources */,
				89876AB628D3CCC7006C4018 /* WCollectionViewCell.swift in Sources */,
				89B26B0028D5DCD7000E28B6 /* DayWeather.swift in Sources */,
				89E7010528D4FE9400392530 /* City.swift in Sources */,
				89E7010328D4F5FD00392530 /* WeatherAnswerByGPS.swift in Sources */,
			);
			runOnlyForDeploymentPostprocessing = 0;
		};
/* End PBXSourcesBuildPhase section */

/* Begin PBXVariantGroup section */
		89876AA428D3B7A1006C4018 /* Main.storyboard */ = {
			isa = PBXVariantGroup;
			children = (
				89876AA528D3B7A1006C4018 /* Base */,
			);
			name = Main.storyboard;
			sourceTree = "<group>";
		};
		89876AA928D3B7A3006C4018 /* LaunchScreen.storyboard */ = {
			isa = PBXVariantGroup;
			children = (
				89876AAA28D3B7A3006C4018 /* Base */,
			);
			name = LaunchScreen.storyboard;
			sourceTree = "<group>";
		};
/* End PBXVariantGroup section */

/* Begin XCBuildConfiguration section */
		89876AAD28D3B7A3006C4018 /* Debug */ = {
			isa = XCBuildConfiguration;
			buildSettings = {
				ALWAYS_SEARCH_USER_PATHS = NO;
				CLANG_ANALYZER_NONNULL = YES;
				CLANG_ANALYZER_NUMBER_OBJECT_CONVERSION = YES_AGGRESSIVE;
				CLANG_CXX_LANGUAGE_STANDARD = "gnu++17";
				CLANG_ENABLE_MODULES = YES;
				CLANG_ENABLE_OBJC_ARC = YES;
				CLANG_ENABLE_OBJC_WEAK = YES;
				CLANG_WARN_BLOCK_CAPTURE_AUTORELEASING = YES;
				CLANG_WARN_BOOL_CONVERSION = YES;
				CLANG_WARN_COMMA = YES;
				CLANG_WARN_CONSTANT_CONVERSION = YES;
				CLANG_WARN_DEPRECATED_OBJC_IMPLEMENTATIONS = YES;
				CLANG_WARN_DIRECT_OBJC_ISA_USAGE = YES_ERROR;
				CLANG_WARN_DOCUMENTATION_COMMENTS = YES;
				CLANG_WARN_EMPTY_BODY = YES;
				CLANG_WARN_ENUM_CONVERSION = YES;
				CLANG_WARN_INFINITE_RECURSION = YES;
				CLANG_WARN_INT_CONVERSION = YES;
				CLANG_WARN_NON_LITERAL_NULL_CONVERSION = YES;
				CLANG_WARN_OBJC_IMPLICIT_RETAIN_SELF = YES;
				CLANG_WARN_OBJC_LITERAL_CONVERSION = YES;
				CLANG_WARN_OBJC_ROOT_CLASS = YES_ERROR;
				CLANG_WARN_QUOTED_INCLUDE_IN_FRAMEWORK_HEADER = YES;
				CLANG_WARN_RANGE_LOOP_ANALYSIS = YES;
				CLANG_WARN_STRICT_PROTOTYPES = YES;
				CLANG_WARN_SUSPICIOUS_MOVE = YES;
				CLANG_WARN_UNGUARDED_AVAILABILITY = YES_AGGRESSIVE;
				CLANG_WARN_UNREACHABLE_CODE = YES;
				CLANG_WARN__DUPLICATE_METHOD_MATCH = YES;
				COPY_PHASE_STRIP = NO;
				DEBUG_INFORMATION_FORMAT = dwarf;
				ENABLE_STRICT_OBJC_MSGSEND = YES;
				ENABLE_TESTABILITY = YES;
				GCC_C_LANGUAGE_STANDARD = gnu11;
				GCC_DYNAMIC_NO_PIC = NO;
				GCC_NO_COMMON_BLOCKS = YES;
				GCC_OPTIMIZATION_LEVEL = 0;
				GCC_PREPROCESSOR_DEFINITIONS = (
					"DEBUG=1",
					"$(inherited)",
				);
				GCC_WARN_64_TO_32_BIT_CONVERSION = YES;
				GCC_WARN_ABOUT_RETURN_TYPE = YES_ERROR;
				GCC_WARN_UNDECLARED_SELECTOR = YES;
				GCC_WARN_UNINITIALIZED_AUTOS = YES_AGGRESSIVE;
				GCC_WARN_UNUSED_FUNCTION = YES;
				GCC_WARN_UNUSED_VARIABLE = YES;
				IPHONEOS_DEPLOYMENT_TARGET = 15.5;
				MTL_ENABLE_DEBUG_INFO = INCLUDE_SOURCE;
				MTL_FAST_MATH = YES;
				ONLY_ACTIVE_ARCH = YES;
				SDKROOT = iphoneos;
				SWIFT_ACTIVE_COMPILATION_CONDITIONS = DEBUG;
				SWIFT_OPTIMIZATION_LEVEL = "-Onone";
			};
			name = Debug;
		};
		89876AAE28D3B7A3006C4018 /* Release */ = {
			isa = XCBuildConfiguration;
			buildSettings = {
				ALWAYS_SEARCH_USER_PATHS = NO;
				CLANG_ANALYZER_NONNULL = YES;
				CLANG_ANALYZER_NUMBER_OBJECT_CONVERSION = YES_AGGRESSIVE;
				CLANG_CXX_LANGUAGE_STANDARD = "gnu++17";
				CLANG_ENABLE_MODULES = YES;
				CLANG_ENABLE_OBJC_ARC = YES;
				CLANG_ENABLE_OBJC_WEAK = YES;
				CLANG_WARN_BLOCK_CAPTURE_AUTORELEASING = YES;
				CLANG_WARN_BOOL_CONVERSION = YES;
				CLANG_WARN_COMMA = YES;
				CLANG_WARN_CONSTANT_CONVERSION = YES;
				CLANG_WARN_DEPRECATED_OBJC_IMPLEMENTATIONS = YES;
				CLANG_WARN_DIRECT_OBJC_ISA_USAGE = YES_ERROR;
				CLANG_WARN_DOCUMENTATION_COMMENTS = YES;
				CLANG_WARN_EMPTY_BODY = YES;
				CLANG_WARN_ENUM_CONVERSION = YES;
				CLANG_WARN_INFINITE_RECURSION = YES;
				CLANG_WARN_INT_CONVERSION = YES;
				CLANG_WARN_NON_LITERAL_NULL_CONVERSION = YES;
				CLANG_WARN_OBJC_IMPLICIT_RETAIN_SELF = YES;
				CLANG_WARN_OBJC_LITERAL_CONVERSION = YES;
				CLANG_WARN_OBJC_ROOT_CLASS = YES_ERROR;
				CLANG_WARN_QUOTED_INCLUDE_IN_FRAMEWORK_HEADER = YES;
				CLANG_WARN_RANGE_LOOP_ANALYSIS = YES;
				CLANG_WARN_STRICT_PROTOTYPES = YES;
				CLANG_WARN_SUSPICIOUS_MOVE = YES;
				CLANG_WARN_UNGUARDED_AVAILABILITY = YES_AGGRESSIVE;
				CLANG_WARN_UNREACHABLE_CODE = YES;
				CLANG_WARN__DUPLICATE_METHOD_MATCH = YES;
				COPY_PHASE_STRIP = NO;
				DEBUG_INFORMATION_FORMAT = "dwarf-with-dsym";
				ENABLE_NS_ASSERTIONS = NO;
				ENABLE_STRICT_OBJC_MSGSEND = YES;
				GCC_C_LANGUAGE_STANDARD = gnu11;
				GCC_NO_COMMON_BLOCKS = YES;
				GCC_WARN_64_TO_32_BIT_CONVERSION = YES;
				GCC_WARN_ABOUT_RETURN_TYPE = YES_ERROR;
				GCC_WARN_UNDECLARED_SELECTOR = YES;
				GCC_WARN_UNINITIALIZED_AUTOS = YES_AGGRESSIVE;
				GCC_WARN_UNUSED_FUNCTION = YES;
				GCC_WARN_UNUSED_VARIABLE = YES;
				IPHONEOS_DEPLOYMENT_TARGET = 15.5;
				MTL_ENABLE_DEBUG_INFO = NO;
				MTL_FAST_MATH = YES;
				SDKROOT = iphoneos;
				SWIFT_COMPILATION_MODE = wholemodule;
				SWIFT_OPTIMIZATION_LEVEL = "-O";
				VALIDATE_PRODUCT = YES;
			};
			name = Release;
		};
		89876AB028D3B7A3006C4018 /* Debug */ = {
			isa = XCBuildConfiguration;
			baseConfigurationReference = 51043017A84BDD65840C6476 /* Pods-weather.debug.xcconfig */;
			buildSettings = {
				ASSETCATALOG_COMPILER_APPICON_NAME = AppIcon;
				ASSETCATALOG_COMPILER_GLOBAL_ACCENT_COLOR_NAME = AccentColor;
				CODE_SIGN_STYLE = Automatic;
				CURRENT_PROJECT_VERSION = 1;
				DEVELOPMENT_TEAM = ZS9CXT79AR;
				GENERATE_INFOPLIST_FILE = YES;
				INFOPLIST_FILE = weather/Info.plist;
				INFOPLIST_KEY_NSLocationAlwaysAndWhenInUseUsageDescription = "Please get Access to Yours GPS data for properly work of ShowMe function";
				INFOPLIST_KEY_NSLocationAlwaysUsageDescription = "Please get Access to Yours GPS data for properly work of ShowMe function";
				INFOPLIST_KEY_NSLocationWhenInUseUsageDescription = "Please get Access to Yours GPS data for properly work of ShowMe function";
				INFOPLIST_KEY_UIApplicationSupportsIndirectInputEvents = YES;
				INFOPLIST_KEY_UILaunchStoryboardName = LaunchScreen;
				INFOPLIST_KEY_UIMainStoryboardFile = Main;
				INFOPLIST_KEY_UISupportedInterfaceOrientations = "UIInterfaceOrientationPortrait UIInterfaceOrientationPortraitUpsideDown UIInterfaceOrientationLandscapeLeft UIInterfaceOrientationLandscapeRight";
				INFOPLIST_KEY_UISupportedInterfaceOrientations_iPad = "UIInterfaceOrientationPortrait UIInterfaceOrientationPortraitUpsideDown UIInterfaceOrientationLandscapeLeft UIInterfaceOrientationLandscapeRight";
				INFOPLIST_KEY_UISupportedInterfaceOrientations_iPhone = "UIInterfaceOrientationPortrait UIInterfaceOrientationLandscapeLeft UIInterfaceOrientationLandscapeRight";
				LD_RUNPATH_SEARCH_PATHS = (
					"$(inherited)",
					"@executable_path/Frameworks",
				);
				MARKETING_VERSION = 1.0;
				PRODUCT_BUNDLE_IDENTIFIER = com.test.weather;
				PRODUCT_NAME = "$(TARGET_NAME)";
				SWIFT_EMIT_LOC_STRINGS = YES;
				SWIFT_VERSION = 5.0;
				TARGETED_DEVICE_FAMILY = 1;
			};
			name = Debug;
		};
		89876AB128D3B7A3006C4018 /* Release */ = {
			isa = XCBuildConfiguration;
			baseConfigurationReference = 68D6C2240477C6A6164A67FF /* Pods-weather.release.xcconfig */;
			buildSettings = {
				ASSETCATALOG_COMPILER_APPICON_NAME = AppIcon;
				ASSETCATALOG_COMPILER_GLOBAL_ACCENT_COLOR_NAME = AccentColor;
				CODE_SIGN_STYLE = Automatic;
				CURRENT_PROJECT_VERSION = 1;
				DEVELOPMENT_TEAM = ZS9CXT79AR;
				GENERATE_INFOPLIST_FILE = YES;
				INFOPLIST_FILE = weather/Info.plist;
				INFOPLIST_KEY_NSLocationAlwaysAndWhenInUseUsageDescription = "Please get Access to Yours GPS data for properly work of ShowMe function";
				INFOPLIST_KEY_NSLocationAlwaysUsageDescription = "Please get Access to Yours GPS data for properly work of ShowMe function";
				INFOPLIST_KEY_NSLocationWhenInUseUsageDescription = "Please get Access to Yours GPS data for properly work of ShowMe function";
				INFOPLIST_KEY_UIApplicationSupportsIndirectInputEvents = YES;
				INFOPLIST_KEY_UILaunchStoryboardName = LaunchScreen;
				INFOPLIST_KEY_UIMainStoryboardFile = Main;
				INFOPLIST_KEY_UISupportedInterfaceOrientations = "UIInterfaceOrientationPortrait UIInterfaceOrientationPortraitUpsideDown UIInterfaceOrientationLandscapeLeft UIInterfaceOrientationLandscapeRight";
				INFOPLIST_KEY_UISupportedInterfaceOrientations_iPad = "UIInterfaceOrientationPortrait UIInterfaceOrientationPortraitUpsideDown UIInterfaceOrientationLandscapeLeft UIInterfaceOrientationLandscapeRight";
				INFOPLIST_KEY_UISupportedInterfaceOrientations_iPhone = "UIInterfaceOrientationPortrait UIInterfaceOrientationLandscapeLeft UIInterfaceOrientationLandscapeRight";
				LD_RUNPATH_SEARCH_PATHS = (
					"$(inherited)",
					"@executable_path/Frameworks",
				);
				MARKETING_VERSION = 1.0;
				PRODUCT_BUNDLE_IDENTIFIER = com.test.weather;
				PRODUCT_NAME = "$(TARGET_NAME)";
				SWIFT_EMIT_LOC_STRINGS = YES;
				SWIFT_VERSION = 5.0;
				TARGETED_DEVICE_FAMILY = 1;
			};
			name = Release;
		};
/* End XCBuildConfiguration section */

/* Begin XCConfigurationList section */
		89876A9628D3B7A1006C4018 /* Build configuration list for PBXProject "weather" */ = {
			isa = XCConfigurationList;
			buildConfigurations = (
				89876AAD28D3B7A3006C4018 /* Debug */,
				89876AAE28D3B7A3006C4018 /* Release */,
			);
			defaultConfigurationIsVisible = 0;
			defaultConfigurationName = Release;
		};
		89876AAF28D3B7A3006C4018 /* Build configuration list for PBXNativeTarget "weather" */ = {
			isa = XCConfigurationList;
			buildConfigurations = (
				89876AB028D3B7A3006C4018 /* Debug */,
				89876AB128D3B7A3006C4018 /* Release */,
			);
			defaultConfigurationIsVisible = 0;
			defaultConfigurationName = Release;
		};
/* End XCConfigurationList section */
	};
	rootObject = 89876A9328D3B7A1006C4018 /* Project object */;
}
